
Microsoft Visual Studio Solution File, Format Version 12.00
# Visual Studio Version 17
VisualStudioVersion = 17.7.34024.191
MinimumVisualStudioVersion = 10.0.40219.1
Project("{FAE04EC0-301F-11D3-BF4B-00C04F79EFBC}") = "Uppgift 2.4 inl", "Uppgift 2.4 inl\Uppgift 2.4 inl.csproj", "{9844410F-97C7-4989-A36B-38A6EFF065C0}"
EndProject
Global
	GlobalSection(SolutionConfigurationPlatforms) = preSolution
		Debug|Any CPU = Debug|Any CPU
		Release|Any CPU = Release|Any CPU
	EndGlobalSection
	GlobalSection(ProjectConfigurationPlatforms) = postSolution
		{9844410F-97C7-4989-A36B-38A6EFF065C0}.Debug|Any CPU.ActiveCfg = Debug|Any CPU
		{9844410F-97C7-4989-A36B-38A6EFF065C0}.Debug|Any CPU.Build.0 = Debug|Any CPU
		{9844410F-97C7-4989-A36B-38A6EFF065C0}.Release|Any CPU.ActiveCfg = Release|Any CPU
		{9844410F-97C7-4989-A36B-38A6EFF065C0}.Release|Any CPU.Build.0 = Release|Any CPU
	EndGlobalSection
	GlobalSection(SolutionProperties) = preSolution
		HideSolutionNode = FALSE
	EndGlobalSection
	GlobalSection(ExtensibilityGlobals) = postSolution
		SolutionGuid = {A8FA060D-71FE-49F5-AC81-FFB5A3A31F41}
	EndGlobalSection
EndGlobal
